{
  "name": "ancient-api",
  "version": "1.0.0",
  "lockfileVersion": 1,
  "requires": true,
  "dependencies": {
    "line-reader": {
      "version": "0.4.0",
      "resolved": "https://registry.npmmirror.com/line-reader/-/line-reader-0.4.0.tgz",
      "integrity": "sha512-AYJ8g+eE7v+Ba4s/cuYqzuNulH/WbjdKQ55fvx8fNVn8WQzTpioY6vI1MoxTuMgcHYX3VlmZWbVvnkIqkyJbCA=="
    }
  }
}
